<?xml version="1.0" encoding="utf-8"?>
<Project ToolsVersion="4.0" xmlns="http://schemas.microsoft.com/developer/msbuild/2003">
  <ItemGroup>
    <Filter Include="源文件">
      <UniqueIdentifier>{4FC737F1-C7A5-4376-A066-2A32D752A2FF}</UniqueIdentifier>
      <Extensions>cpp;c;cc;cxx;c++;cppm;ixx;def;odl;idl;hpj;bat;asm;asmx</Extensions>
    </Filter>
    <Filter Include="头文件">
      <UniqueIdentifier>{93995380-89BD-4b04-88EB-625FBE52EBFB}</UniqueIdentifier>
      <Extensions>h;hh;hpp;hxx;h++;hm;inl;inc;ipp;xsd</Extensions>
    </Filter>
    <Filter Include="资源文件">
      <UniqueIdentifier>{67DA6AB6-F800-4c08-8B7A-83BB121AAD01}</UniqueIdentifier>
      <Extensions>rc;ico;cur;bmp;dlg;rc2;rct;bin;rgs;gif;jpg;jpeg;jpe;resx;tiff;tif;png;wav;mfcribbon-ms</Extensions>
    </Filter>
    <Filter Include="头文件\Utils">
      <UniqueIdentifier>{464098fd-779b-4b7c-8c4d-ea56431e14fb}</UniqueIdentifier>
    </Filter>
    <Filter Include="源文件\ImGui">
      <UniqueIdentifier>{908b7e56-a5e1-4807-a376-1bade3d6f142}</UniqueIdentifier>
    </Filter>
    <Filter Include="头文件\Functions">
      <UniqueIdentifier>{0d84691b-ad53-4e8b-89be-15337bbe38be}</UniqueIdentifier>
    </Filter>
    <Filter Include="头文件\Functions\Miscs">
      <UniqueIdentifier>{ba6a50c4-dd82-4da8-abee-195efc4759db}</UniqueIdentifier>
    </Filter>
    <Filter Include="头文件\Functions\Visuals">
      <UniqueIdentifier>{110944b5-c3bc-494a-84fb-aa79b1dadfbe}</UniqueIdentifier>
    </Filter>
    <Filter Include="头文件\Utils\yaml-cpp">
      <UniqueIdentifier>{23cb46c3-1829-4a0f-bfd1-3298f506fbf5}</UniqueIdentifier>
    </Filter>
    <Filter Include="头文件\Functions\Aimbot">
      <UniqueIdentifier>{0076d590-d7a5-4fb4-8e72-df8308bfd5f4}</UniqueIdentifier>
    </Filter>
  </ItemGroup>
  <ItemGroup>
    <ClCompile Include="源.cc">
      <Filter>源文件</Filter>
    </ClCompile>
    <ClCompile Include="ImGui\imgui.cpp">
      <Filter>源文件\ImGui</Filter>
    </ClCompile>
    <ClCompile Include="ImGui\imgui_demo.cpp">
      <Filter>源文件\ImGui</Filter>
    </ClCompile>
    <ClCompile Include="ImGui\imgui_draw.cpp">
      <Filter>源文件\ImGui</Filter>
    </ClCompile>
    <ClCompile Include="ImGui\imgui_impl_dx9.cpp">
      <Filter>源文件\ImGui</Filter>
    </ClCompile>
    <ClCompile Include="ImGui\imgui_impl_win32.cpp">
      <Filter>源文件\ImGui</Filter>
    </ClCompile>
    <ClCompile Include="ImGui\imgui_tables.cpp">
      <Filter>源文件\ImGui</Filter>
    </ClCompile>
    <ClCompile Include="ImGui\imgui_widgets.cpp">
      <Filter>源文件\ImGui</Filter>
    </ClCompile>
    <ClCompile Include="Utils\uiaccess.c">
      <Filter>头文件\Utils</Filter>
    </ClCompile>
  </ItemGroup>
  <ItemGroup>
    <ClInclude Include="UkiaStuff.h">
      <Filter>头文件</Filter>
    </ClInclude>
    <ClInclude Include="Utils\XorStr.h">
      <Filter>头文件\Utils</Filter>
    </ClInclude>
    <ClInclude Include="CSSx64.h">
      <Filter>头文件</Filter>
    </ClInclude>
    <ClInclude Include="ImGui\imconfig.h">
      <Filter>源文件\ImGui</Filter>
    </ClInclude>
    <ClInclude Include="ImGui\imgui.h">
      <Filter>源文件\ImGui</Filter>
    </ClInclude>
    <ClInclude Include="ImGui\imgui_impl_dx9.h">
      <Filter>源文件\ImGui</Filter>
    </ClInclude>
    <ClInclude Include="ImGui\imgui_impl_win32.h">
      <Filter>源文件\ImGui</Filter>
    </ClInclude>
    <ClInclude Include="ImGui\imgui_internal.h">
      <Filter>源文件\ImGui</Filter>
    </ClInclude>
    <ClInclude Include="ImGui\imstb_rectpack.h">
      <Filter>源文件\ImGui</Filter>
    </ClInclude>
    <ClInclude Include="ImGui\imstb_textedit.h">
      <Filter>源文件\ImGui</Filter>
    </ClInclude>
    <ClInclude Include="ImGui\imstb_truetype.h">
      <Filter>源文件\ImGui</Filter>
    </ClInclude>
    <ClInclude Include="Overlay.h">
      <Filter>头文件</Filter>
    </ClInclude>
    <ClInclude Include="Utils\uiaccess.h">
      <Filter>头文件\Utils</Filter>
    </ClInclude>
    <ClInclude Include="resource1.h">
      <Filter>头文件</Filter>
    </ClInclude>
    <ClInclude Include="shigure.h">
      <Filter>头文件</Filter>
    </ClInclude>
    <ClInclude Include="Utils\stb_image.h">
      <Filter>头文件\Utils</Filter>
    </ClInclude>
    <ClInclude Include="Functions\Func.h">
      <Filter>头文件\Functions</Filter>
    </ClInclude>
    <ClInclude Include="Functions\Visuals\ESP.h">
      <Filter>头文件\Functions\Visuals</Filter>
    </ClInclude>
    <ClInclude Include="Functions\config.h">
      <Filter>头文件\Functions</Filter>
    </ClInclude>
    <ClInclude Include="Functions\Miscs\Miscs.h">
      <Filter>头文件\Functions\Miscs</Filter>
    </ClInclude>
    <ClInclude Include="Functions\menu.h">
      <Filter>头文件\Functions</Filter>
    </ClInclude>
    <ClInclude Include="Functions\ConfigSaver.h">
      <Filter>头文件\Functions</Filter>
    </ClInclude>
    <ClInclude Include="Utils\yaml-cpp\anchor.h">
      <Filter>头文件\Utils\yaml-cpp</Filter>
    </ClInclude>
    <ClInclude Include="Utils\yaml-cpp\binary.h">
      <Filter>头文件\Utils\yaml-cpp</Filter>
    </ClInclude>
    <ClInclude Include="Utils\yaml-cpp\depthguard.h">
      <Filter>头文件\Utils\yaml-cpp</Filter>
    </ClInclude>
    <ClInclude Include="Utils\yaml-cpp\dll.h">
      <Filter>头文件\Utils\yaml-cpp</Filter>
    </ClInclude>
    <ClInclude Include="Utils\yaml-cpp\emitfromevents.h">
      <Filter>头文件\Utils\yaml-cpp</Filter>
    </ClInclude>
    <ClInclude Include="Utils\yaml-cpp\emitter.h">
      <Filter>头文件\Utils\yaml-cpp</Filter>
    </ClInclude>
    <ClInclude Include="Utils\yaml-cpp\emitterdef.h">
      <Filter>头文件\Utils\yaml-cpp</Filter>
    </ClInclude>
    <ClInclude Include="Utils\yaml-cpp\emittermanip.h">
      <Filter>头文件\Utils\yaml-cpp</Filter>
    </ClInclude>
    <ClInclude Include="Utils\yaml-cpp\emitterstyle.h">
      <Filter>头文件\Utils\yaml-cpp</Filter>
    </ClInclude>
    <ClInclude Include="Utils\yaml-cpp\eventhandler.h">
      <Filter>头文件\Utils\yaml-cpp</Filter>
    </ClInclude>
    <ClInclude Include="Utils\yaml-cpp\exceptions.h">
      <Filter>头文件\Utils\yaml-cpp</Filter>
    </ClInclude>
    <ClInclude Include="Utils\yaml-cpp\mark.h">
      <Filter>头文件\Utils\yaml-cpp</Filter>
    </ClInclude>
    <ClInclude Include="Utils\yaml-cpp\noexcept.h">
      <Filter>头文件\Utils\yaml-cpp</Filter>
    </ClInclude>
    <ClInclude Include="Utils\yaml-cpp\null.h">
      <Filter>头文件\Utils\yaml-cpp</Filter>
    </ClInclude>
    <ClInclude Include="Utils\yaml-cpp\ostream_wrapper.h">
      <Filter>头文件\Utils\yaml-cpp</Filter>
    </ClInclude>
    <ClInclude Include="Utils\yaml-cpp\parser.h">
      <Filter>头文件\Utils\yaml-cpp</Filter>
    </ClInclude>
    <ClInclude Include="Utils\yaml-cpp\stlemitter.h">
      <Filter>头文件\Utils\yaml-cpp</Filter>
    </ClInclude>
    <ClInclude Include="Utils\yaml-cpp\traits.h">
      <Filter>头文件\Utils\yaml-cpp</Filter>
    </ClInclude>
    <ClInclude Include="Utils\yaml-cpp\yaml.h">
      <Filter>头文件\Utils\yaml-cpp</Filter>
    </ClInclude>
    <ClInclude Include="HarmonySans.h">
      <Filter>头文件</Filter>
    </ClInclude>
    <ClInclude Include="Functions\Aimbot\RCS.h">
      <Filter>头文件\Functions\Aimbot</Filter>
    </ClInclude>
  </ItemGroup>
  <ItemGroup>
    <ResourceCompile Include="UkiaRPM.rc">
      <Filter>资源文件</Filter>
    </ResourceCompile>
  </ItemGroup>
  <ItemGroup>
    <Image Include="D:\OD\OneDrive\图片\shigure.ico">
      <Filter>资源文件</Filter>
    </Image>
  </ItemGroup>
</Project>